
Microsoft Visual Studio Solution File, Format Version 12.00
# Visual Studio Version 16
VisualStudioVersion = 16.0.29926.136
MinimumVisualStudioVersion = 10.0.40219.1
Project("{FAE04EC0-301F-11D3-BF4B-00C04F79EFBC}") = "rather than", "rather than.csproj", "{9781E1FE-D926-4E25-974A-E1EEA3030321}"
EndProject
Global
	GlobalSection(SolutionConfigurationPlatforms) = preSolution
		Debug|Any CPU = Debug|Any CPU
		Release|Any CPU = Release|Any CPU
	EndGlobalSection
	GlobalSection(ProjectConfigurationPlatforms) = postSolution
		{9781E1FE-D926-4E25-974A-E1EEA3030321}.Debug|Any CPU.ActiveCfg = Debug|Any CPU
		{9781E1FE-D926-4E25-974A-E1EEA3030321}.Debug|Any CPU.Build.0 = Debug|Any CPU
		{9781E1FE-D926-4E25-974A-E1EEA3030321}.Release|Any CPU.ActiveCfg = Release|Any CPU
		{9781E1FE-D926-4E25-974A-E1EEA3030321}.Release|Any CPU.Build.0 = Release|Any CPU
	EndGlobalSection
	GlobalSection(SolutionProperties) = preSolution
		HideSolutionNode = FALSE
	EndGlobalSection
	GlobalSection(ExtensibilityGlobals) = postSolution
		SolutionGuid = {B09DBF09-C8C0-431B-A21A-731EF7FF8D45}
	EndGlobalSection
EndGlobal
